
Microsoft Visual Studio Solution File, Format Version 12.00
Project("{F2A71F9B-5D33-465A-A702-920D77279786}") = "Common.Lib", "Common.Lib\Common.Lib.fsproj", "{078ECA2B-BF4A-4556-8750-F155616E3F2A}"
EndProject
Project("{F2A71F9B-5D33-465A-A702-920D77279786}") = "Common.Test", "Common.Test\Common.Test.fsproj", "{D418BC8D-8CAC-444B-AB1E-57B7EC6BD96F}"
EndProject
Project("{F2A71F9B-5D33-465A-A702-920D77279786}") = "ReportRepair.Common", "ReportRepair.Common\ReportRepair.Common.fsproj", "{D3334C3D-843F-4872-9684-087D88C7078B}"
EndProject
Project("{F2A71F9B-5D33-465A-A702-920D77279786}") = "ReportRepair.Star1", "ReportRepair.Star1\ReportRepair.Star1.fsproj", "{D900709B-E15B-4E85-8BDD-77760A0F3352}"
EndProject
Project("{F2A71F9B-5D33-465A-A702-920D77279786}") = "ReportRepair.Star1.Tests", "ReportRepair.Star1.Tests\ReportRepair.Star1.Tests.fsproj", "{05F86496-55F8-47E0-A610-9379E4BB3788}"
EndProject
Project("{F2A71F9B-5D33-465A-A702-920D77279786}") = "ReportRepair.Common.Test", "ReportRepair.Common.Test\ReportRepair.Common.Test.fsproj", "{2DBC0132-3E53-4771-B79F-3940B2E642C1}"
EndProject
Project("{F2A71F9B-5D33-465A-A702-920D77279786}") = "ReportRepair.Star2", "ReportRepair.Star2\ReportRepair.Star2.fsproj", "{0827B74D-FFE2-44E1-A0AC-1C77FE65B002}"
EndProject
Project("{F2A71F9B-5D33-465A-A702-920D77279786}") = "ReportRepair.Star2.Tests", "ReportRepair.Star2.Tests\ReportRepair.Star2.Tests.fsproj", "{8E579C6D-A37E-4CA9-914D-D98ED5777839}"
EndProject
Project("{F2A71F9B-5D33-465A-A702-920D77279786}") = "PasswordPhilosophy.Common", "PasswordPhilosophy.Common\PasswordPhilosophy.Common.fsproj", "{B650A22A-91AF-4B24-BB19-CF1D701CD9CA}"
EndProject
Project("{F2A71F9B-5D33-465A-A702-920D77279786}") = "PasswordPhilosophy.Common.Test", "PasswordPhilosophy.Common.Test\PasswordPhilosophy.Common.Test.fsproj", "{505C1D59-219B-4E8D-997B-14FD7CF1A659}"
EndProject
Project("{F2A71F9B-5D33-465A-A702-920D77279786}") = "PasswordPhilosophy.Star1", "PasswordPhilosophy.Star1\PasswordPhilosophy.Star1.fsproj", "{352EC9C0-964C-4E5B-AFF6-155BA86773B4}"
EndProject
Project("{F2A71F9B-5D33-465A-A702-920D77279786}") = "PasswordPhilosophy.Star1.Tests", "PasswordPhilosophy.Star1.Tests\PasswordPhilosophy.Star1.Tests.fsproj", "{CEB6B8C7-B62E-44FF-9038-D9C6258B7A39}"
EndProject
Project("{F2A71F9B-5D33-465A-A702-920D77279786}") = "PasswordPhilosophy.Star2", "PasswordPhilosophy.Star2\PasswordPhilosophy.Star2.fsproj", "{E9B536F0-91AB-43CE-ADD3-6FB28019F28A}"
EndProject
Project("{F2A71F9B-5D33-465A-A702-920D77279786}") = "PasswordPhilosophy.Star2.Test", "PasswordPhilosophy.Star2.Test\PasswordPhilosophy.Star2.Test.fsproj", "{6BA8F9DA-1E6D-4F4B-B7F8-140CE5609A60}"
EndProject
Project("{F2A71F9B-5D33-465A-A702-920D77279786}") = "TobogganTrajectory.Common", "TobogganTrajectory.Common\TobogganTrajectory.Common.fsproj", "{37B9443D-2C8D-4FC1-90AA-D9EA2A0E1677}"
EndProject
Project("{F2A71F9B-5D33-465A-A702-920D77279786}") = "TobogganTrajectory.Common.Tests", "TobogganTrajectory.Common.Tests\TobogganTrajectory.Common.Tests.fsproj", "{0F7D205F-494B-442F-BED7-4F378C6234B3}"
EndProject
Project("{F2A71F9B-5D33-465A-A702-920D77279786}") = "TobogganTrajectory.Star1", "TobogganTrajectory.Star1\TobogganTrajectory.Star1.fsproj", "{266BA553-00EE-498B-8DA7-B4945549483C}"
EndProject
Project("{F2A71F9B-5D33-465A-A702-920D77279786}") = "TobogganTrajectory.Star1.Tests", "TobogganTrajectory.Star1.Tests\TobogganTrajectory.Star1.Tests.fsproj", "{D6B1CB8C-ED35-4D01-98ED-6A0EBB283417}"
EndProject
Global
	GlobalSection(SolutionConfigurationPlatforms) = preSolution
		Debug|Any CPU = Debug|Any CPU
		Release|Any CPU = Release|Any CPU
	EndGlobalSection
	GlobalSection(ProjectConfigurationPlatforms) = postSolution
		{078ECA2B-BF4A-4556-8750-F155616E3F2A}.Debug|Any CPU.ActiveCfg = Debug|Any CPU
		{078ECA2B-BF4A-4556-8750-F155616E3F2A}.Debug|Any CPU.Build.0 = Debug|Any CPU
		{078ECA2B-BF4A-4556-8750-F155616E3F2A}.Release|Any CPU.ActiveCfg = Release|Any CPU
		{078ECA2B-BF4A-4556-8750-F155616E3F2A}.Release|Any CPU.Build.0 = Release|Any CPU
		{D418BC8D-8CAC-444B-AB1E-57B7EC6BD96F}.Debug|Any CPU.ActiveCfg = Debug|Any CPU
		{D418BC8D-8CAC-444B-AB1E-57B7EC6BD96F}.Debug|Any CPU.Build.0 = Debug|Any CPU
		{D418BC8D-8CAC-444B-AB1E-57B7EC6BD96F}.Release|Any CPU.ActiveCfg = Release|Any CPU
		{D418BC8D-8CAC-444B-AB1E-57B7EC6BD96F}.Release|Any CPU.Build.0 = Release|Any CPU
		{D3334C3D-843F-4872-9684-087D88C7078B}.Debug|Any CPU.ActiveCfg = Debug|Any CPU
		{D3334C3D-843F-4872-9684-087D88C7078B}.Debug|Any CPU.Build.0 = Debug|Any CPU
		{D3334C3D-843F-4872-9684-087D88C7078B}.Release|Any CPU.ActiveCfg = Release|Any CPU
		{D3334C3D-843F-4872-9684-087D88C7078B}.Release|Any CPU.Build.0 = Release|Any CPU
		{D900709B-E15B-4E85-8BDD-77760A0F3352}.Debug|Any CPU.ActiveCfg = Debug|Any CPU
		{D900709B-E15B-4E85-8BDD-77760A0F3352}.Debug|Any CPU.Build.0 = Debug|Any CPU
		{D900709B-E15B-4E85-8BDD-77760A0F3352}.Release|Any CPU.ActiveCfg = Release|Any CPU
		{D900709B-E15B-4E85-8BDD-77760A0F3352}.Release|Any CPU.Build.0 = Release|Any CPU
		{05F86496-55F8-47E0-A610-9379E4BB3788}.Debug|Any CPU.ActiveCfg = Debug|Any CPU
		{05F86496-55F8-47E0-A610-9379E4BB3788}.Debug|Any CPU.Build.0 = Debug|Any CPU
		{05F86496-55F8-47E0-A610-9379E4BB3788}.Release|Any CPU.ActiveCfg = Release|Any CPU
		{05F86496-55F8-47E0-A610-9379E4BB3788}.Release|Any CPU.Build.0 = Release|Any CPU
		{2DBC0132-3E53-4771-B79F-3940B2E642C1}.Debug|Any CPU.ActiveCfg = Debug|Any CPU
		{2DBC0132-3E53-4771-B79F-3940B2E642C1}.Debug|Any CPU.Build.0 = Debug|Any CPU
		{2DBC0132-3E53-4771-B79F-3940B2E642C1}.Release|Any CPU.ActiveCfg = Release|Any CPU
		{2DBC0132-3E53-4771-B79F-3940B2E642C1}.Release|Any CPU.Build.0 = Release|Any CPU
		{0827B74D-FFE2-44E1-A0AC-1C77FE65B002}.Debug|Any CPU.ActiveCfg = Debug|Any CPU
		{0827B74D-FFE2-44E1-A0AC-1C77FE65B002}.Debug|Any CPU.Build.0 = Debug|Any CPU
		{0827B74D-FFE2-44E1-A0AC-1C77FE65B002}.Release|Any CPU.ActiveCfg = Release|Any CPU
		{0827B74D-FFE2-44E1-A0AC-1C77FE65B002}.Release|Any CPU.Build.0 = Release|Any CPU
		{8E579C6D-A37E-4CA9-914D-D98ED5777839}.Debug|Any CPU.ActiveCfg = Debug|Any CPU
		{8E579C6D-A37E-4CA9-914D-D98ED5777839}.Debug|Any CPU.Build.0 = Debug|Any CPU
		{8E579C6D-A37E-4CA9-914D-D98ED5777839}.Release|Any CPU.ActiveCfg = Release|Any CPU
		{8E579C6D-A37E-4CA9-914D-D98ED5777839}.Release|Any CPU.Build.0 = Release|Any CPU
		{B650A22A-91AF-4B24-BB19-CF1D701CD9CA}.Debug|Any CPU.ActiveCfg = Debug|Any CPU
		{B650A22A-91AF-4B24-BB19-CF1D701CD9CA}.Debug|Any CPU.Build.0 = Debug|Any CPU
		{B650A22A-91AF-4B24-BB19-CF1D701CD9CA}.Release|Any CPU.ActiveCfg = Release|Any CPU
		{B650A22A-91AF-4B24-BB19-CF1D701CD9CA}.Release|Any CPU.Build.0 = Release|Any CPU
		{505C1D59-219B-4E8D-997B-14FD7CF1A659}.Debug|Any CPU.ActiveCfg = Debug|Any CPU
		{505C1D59-219B-4E8D-997B-14FD7CF1A659}.Debug|Any CPU.Build.0 = Debug|Any CPU
		{505C1D59-219B-4E8D-997B-14FD7CF1A659}.Release|Any CPU.ActiveCfg = Release|Any CPU
		{505C1D59-219B-4E8D-997B-14FD7CF1A659}.Release|Any CPU.Build.0 = Release|Any CPU
		{352EC9C0-964C-4E5B-AFF6-155BA86773B4}.Debug|Any CPU.ActiveCfg = Debug|Any CPU
		{352EC9C0-964C-4E5B-AFF6-155BA86773B4}.Debug|Any CPU.Build.0 = Debug|Any CPU
		{352EC9C0-964C-4E5B-AFF6-155BA86773B4}.Release|Any CPU.ActiveCfg = Release|Any CPU
		{352EC9C0-964C-4E5B-AFF6-155BA86773B4}.Release|Any CPU.Build.0 = Release|Any CPU
		{CEB6B8C7-B62E-44FF-9038-D9C6258B7A39}.Debug|Any CPU.ActiveCfg = Debug|Any CPU
		{CEB6B8C7-B62E-44FF-9038-D9C6258B7A39}.Debug|Any CPU.Build.0 = Debug|Any CPU
		{CEB6B8C7-B62E-44FF-9038-D9C6258B7A39}.Release|Any CPU.ActiveCfg = Release|Any CPU
		{CEB6B8C7-B62E-44FF-9038-D9C6258B7A39}.Release|Any CPU.Build.0 = Release|Any CPU
		{E9B536F0-91AB-43CE-ADD3-6FB28019F28A}.Debug|Any CPU.ActiveCfg = Debug|Any CPU
		{E9B536F0-91AB-43CE-ADD3-6FB28019F28A}.Debug|Any CPU.Build.0 = Debug|Any CPU
		{E9B536F0-91AB-43CE-ADD3-6FB28019F28A}.Release|Any CPU.ActiveCfg = Release|Any CPU
		{E9B536F0-91AB-43CE-ADD3-6FB28019F28A}.Release|Any CPU.Build.0 = Release|Any CPU
		{6BA8F9DA-1E6D-4F4B-B7F8-140CE5609A60}.Debug|Any CPU.ActiveCfg = Debug|Any CPU
		{6BA8F9DA-1E6D-4F4B-B7F8-140CE5609A60}.Debug|Any CPU.Build.0 = Debug|Any CPU
		{6BA8F9DA-1E6D-4F4B-B7F8-140CE5609A60}.Release|Any CPU.ActiveCfg = Release|Any CPU
		{6BA8F9DA-1E6D-4F4B-B7F8-140CE5609A60}.Release|Any CPU.Build.0 = Release|Any CPU
		{37B9443D-2C8D-4FC1-90AA-D9EA2A0E1677}.Debug|Any CPU.ActiveCfg = Debug|Any CPU
		{37B9443D-2C8D-4FC1-90AA-D9EA2A0E1677}.Debug|Any CPU.Build.0 = Debug|Any CPU
		{37B9443D-2C8D-4FC1-90AA-D9EA2A0E1677}.Release|Any CPU.ActiveCfg = Release|Any CPU
		{37B9443D-2C8D-4FC1-90AA-D9EA2A0E1677}.Release|Any CPU.Build.0 = Release|Any CPU
		{0F7D205F-494B-442F-BED7-4F378C6234B3}.Debug|Any CPU.ActiveCfg = Debug|Any CPU
		{0F7D205F-494B-442F-BED7-4F378C6234B3}.Debug|Any CPU.Build.0 = Debug|Any CPU
		{0F7D205F-494B-442F-BED7-4F378C6234B3}.Release|Any CPU.ActiveCfg = Release|Any CPU
		{0F7D205F-494B-442F-BED7-4F378C6234B3}.Release|Any CPU.Build.0 = Release|Any CPU
		{266BA553-00EE-498B-8DA7-B4945549483C}.Debug|Any CPU.ActiveCfg = Debug|Any CPU
		{266BA553-00EE-498B-8DA7-B4945549483C}.Debug|Any CPU.Build.0 = Debug|Any CPU
		{266BA553-00EE-498B-8DA7-B4945549483C}.Release|Any CPU.ActiveCfg = Release|Any CPU
		{266BA553-00EE-498B-8DA7-B4945549483C}.Release|Any CPU.Build.0 = Release|Any CPU
		{D6B1CB8C-ED35-4D01-98ED-6A0EBB283417}.Debug|Any CPU.ActiveCfg = Debug|Any CPU
		{D6B1CB8C-ED35-4D01-98ED-6A0EBB283417}.Debug|Any CPU.Build.0 = Debug|Any CPU
		{D6B1CB8C-ED35-4D01-98ED-6A0EBB283417}.Release|Any CPU.ActiveCfg = Release|Any CPU
		{D6B1CB8C-ED35-4D01-98ED-6A0EBB283417}.Release|Any CPU.Build.0 = Release|Any CPU
	EndGlobalSection
EndGlobal
