
Microsoft Visual Studio Solution File, Format Version 12.00
Project("{FAE04EC0-301F-11D3-BF4B-00C04F79EFBC}") = "PasswordPhilosophy1.Core", "PasswordPhilosophy1.Core\PasswordPhilosophy1.Core.csproj", "{00CC7DD3-CD4C-4AFE-B754-06F5B8FEA53F}"
EndProject
Project("{FAE04EC0-301F-11D3-BF4B-00C04F79EFBC}") = "PasswordPhilosophy1.App", "PasswordPhilosophy1.App\PasswordPhilosophy1.App.csproj", "{9639900A-8EC6-4FFC-A3AE-9FA125F99F62}"
EndProject
Project("{FAE04EC0-301F-11D3-BF4B-00C04F79EFBC}") = "PasswordPhilosophy1.Tests", "PasswordPhilosophy1.Tests\PasswordPhilosophy1.Tests.csproj", "{AEB8D5E6-69A8-4C7F-A74E-33DCC92508CE}"
EndProject
Global
	GlobalSection(SolutionConfigurationPlatforms) = preSolution
		Debug|Any CPU = Debug|Any CPU
		Release|Any CPU = Release|Any CPU
	EndGlobalSection
	GlobalSection(ProjectConfigurationPlatforms) = postSolution
		{00CC7DD3-CD4C-4AFE-B754-06F5B8FEA53F}.Debug|Any CPU.ActiveCfg = Debug|Any CPU
		{00CC7DD3-CD4C-4AFE-B754-06F5B8FEA53F}.Debug|Any CPU.Build.0 = Debug|Any CPU
		{00CC7DD3-CD4C-4AFE-B754-06F5B8FEA53F}.Release|Any CPU.ActiveCfg = Release|Any CPU
		{00CC7DD3-CD4C-4AFE-B754-06F5B8FEA53F}.Release|Any CPU.Build.0 = Release|Any CPU
		{9639900A-8EC6-4FFC-A3AE-9FA125F99F62}.Debug|Any CPU.ActiveCfg = Debug|Any CPU
		{9639900A-8EC6-4FFC-A3AE-9FA125F99F62}.Debug|Any CPU.Build.0 = Debug|Any CPU
		{9639900A-8EC6-4FFC-A3AE-9FA125F99F62}.Release|Any CPU.ActiveCfg = Release|Any CPU
		{9639900A-8EC6-4FFC-A3AE-9FA125F99F62}.Release|Any CPU.Build.0 = Release|Any CPU
		{AEB8D5E6-69A8-4C7F-A74E-33DCC92508CE}.Debug|Any CPU.ActiveCfg = Debug|Any CPU
		{AEB8D5E6-69A8-4C7F-A74E-33DCC92508CE}.Debug|Any CPU.Build.0 = Debug|Any CPU
		{AEB8D5E6-69A8-4C7F-A74E-33DCC92508CE}.Release|Any CPU.ActiveCfg = Release|Any CPU
		{AEB8D5E6-69A8-4C7F-A74E-33DCC92508CE}.Release|Any CPU.Build.0 = Release|Any CPU
	EndGlobalSection
EndGlobal
