
Microsoft Visual Studio Solution File, Format Version 12.00
Project("{FAE04EC0-301F-11D3-BF4B-00C04F79EFBC}") = "ReportRepair1.Core", "ReportRepair1.Core\ReportRepair1.Core.csproj", "{44657899-5D33-418F-826A-F7F8AE0BB2E5}"
EndProject
Project("{FAE04EC0-301F-11D3-BF4B-00C04F79EFBC}") = "ReportRepair1.App", "ReportRepair1.App\ReportRepair1.App.csproj", "{53154BAA-C964-4ECE-BCC0-7B42D57E85B1}"
EndProject
Project("{FAE04EC0-301F-11D3-BF4B-00C04F79EFBC}") = "ReportRepair1.Tests", "ReportRepair1.Tests\ReportRepair1.Tests.csproj", "{2A2C7F79-8DC3-459A-BAC8-4C16510B7AA3}"
EndProject
Global
	GlobalSection(SolutionConfigurationPlatforms) = preSolution
		Debug|Any CPU = Debug|Any CPU
		Release|Any CPU = Release|Any CPU
	EndGlobalSection
	GlobalSection(ProjectConfigurationPlatforms) = postSolution
		{44657899-5D33-418F-826A-F7F8AE0BB2E5}.Debug|Any CPU.ActiveCfg = Debug|Any CPU
		{44657899-5D33-418F-826A-F7F8AE0BB2E5}.Debug|Any CPU.Build.0 = Debug|Any CPU
		{44657899-5D33-418F-826A-F7F8AE0BB2E5}.Release|Any CPU.ActiveCfg = Release|Any CPU
		{44657899-5D33-418F-826A-F7F8AE0BB2E5}.Release|Any CPU.Build.0 = Release|Any CPU
		{53154BAA-C964-4ECE-BCC0-7B42D57E85B1}.Debug|Any CPU.ActiveCfg = Debug|Any CPU
		{53154BAA-C964-4ECE-BCC0-7B42D57E85B1}.Debug|Any CPU.Build.0 = Debug|Any CPU
		{53154BAA-C964-4ECE-BCC0-7B42D57E85B1}.Release|Any CPU.ActiveCfg = Release|Any CPU
		{53154BAA-C964-4ECE-BCC0-7B42D57E85B1}.Release|Any CPU.Build.0 = Release|Any CPU
		{2A2C7F79-8DC3-459A-BAC8-4C16510B7AA3}.Debug|Any CPU.ActiveCfg = Debug|Any CPU
		{2A2C7F79-8DC3-459A-BAC8-4C16510B7AA3}.Debug|Any CPU.Build.0 = Debug|Any CPU
		{2A2C7F79-8DC3-459A-BAC8-4C16510B7AA3}.Release|Any CPU.ActiveCfg = Release|Any CPU
		{2A2C7F79-8DC3-459A-BAC8-4C16510B7AA3}.Release|Any CPU.Build.0 = Release|Any CPU
	EndGlobalSection
EndGlobal
