
Microsoft Visual Studio Solution File, Format Version 12.00
Project("{FAE04EC0-301F-11D3-BF4B-00C04F79EFBC}") = "AdapterArray2.Core", "AdapterArray2.Core\AdapterArray2.Core.csproj", "{1A703B2D-2415-4874-A725-921AFEE96127}"
EndProject
Project("{FAE04EC0-301F-11D3-BF4B-00C04F79EFBC}") = "AdapterArray2.App", "AdapterArray2.App\AdapterArray2.App.csproj", "{F95740D6-77A1-44F2-B36D-720718038B20}"
EndProject
Project("{FAE04EC0-301F-11D3-BF4B-00C04F79EFBC}") = "AdapterArray2.Tests", "AdapterArray2.Tests\AdapterArray2.Tests.csproj", "{1850573D-5D8A-466F-A441-D0448550A77B}"
EndProject
Global
	GlobalSection(SolutionConfigurationPlatforms) = preSolution
		Debug|Any CPU = Debug|Any CPU
		Release|Any CPU = Release|Any CPU
	EndGlobalSection
	GlobalSection(ProjectConfigurationPlatforms) = postSolution
		{1A703B2D-2415-4874-A725-921AFEE96127}.Debug|Any CPU.ActiveCfg = Debug|Any CPU
		{1A703B2D-2415-4874-A725-921AFEE96127}.Debug|Any CPU.Build.0 = Debug|Any CPU
		{1A703B2D-2415-4874-A725-921AFEE96127}.Release|Any CPU.ActiveCfg = Release|Any CPU
		{1A703B2D-2415-4874-A725-921AFEE96127}.Release|Any CPU.Build.0 = Release|Any CPU
		{F95740D6-77A1-44F2-B36D-720718038B20}.Debug|Any CPU.ActiveCfg = Debug|Any CPU
		{F95740D6-77A1-44F2-B36D-720718038B20}.Debug|Any CPU.Build.0 = Debug|Any CPU
		{F95740D6-77A1-44F2-B36D-720718038B20}.Release|Any CPU.ActiveCfg = Release|Any CPU
		{F95740D6-77A1-44F2-B36D-720718038B20}.Release|Any CPU.Build.0 = Release|Any CPU
		{1850573D-5D8A-466F-A441-D0448550A77B}.Debug|Any CPU.ActiveCfg = Debug|Any CPU
		{1850573D-5D8A-466F-A441-D0448550A77B}.Debug|Any CPU.Build.0 = Debug|Any CPU
		{1850573D-5D8A-466F-A441-D0448550A77B}.Release|Any CPU.ActiveCfg = Release|Any CPU
		{1850573D-5D8A-466F-A441-D0448550A77B}.Release|Any CPU.Build.0 = Release|Any CPU
	EndGlobalSection
EndGlobal
